{
  "version": "5",
  "remote": {
    "https://esm.sh/zod@3.22.4": "58f997d2fb4d837fdccc359937cfa92ec0c2870fcda1e58fa52eadd998b06dd1",
    "https://esm.sh/zod@3.22.4/denonext/zod.mjs": "2302c597fb6b5342e5f56ece83f759f82383376d7eca8d00eb56c41d2a65fb5b"
  },
  "workspace": {
    "dependencies": [
      "npm:@astrojs/deno@5",
      "npm:@astrojs/react@3",
      "npm:@astrojs/tailwind@5",
      "npm:astro@4",
      "npm:react-dom@^18.2.0",
      "npm:react@^18.2.0"
    ],
    "packageJson": {
      "dependencies": [
        "npm:@astrojs/react@^4.3.0",
        "npm:@astrojs/tailwind@5",
        "npm:@types/react-dom@^18.2.0",
        "npm:@types/react@^18.2.0",
        "npm:astro@^5.10.0",
        "npm:axios@^1.10.0",
        "npm:react-dom@^18.2.0",
        "npm:react@^18.2.0",
        "npm:tailwindcss@^3.3.0",
        "npm:zustand@^5.0.5"
      ]
    }
  }
}
