github.com/gorilla/websocket v1.5.0 h1:PPwGk2jz7EePpoHN/+ClbZu8SPxiqlu12wZP/3sWmnc=
github.com/gorilla/websocket v1.5.0/go.mod h1:YR8l580nyteQvAITg2hZ9XVh4b55+EU/adAjf1fMHhE=
golang.org/x/exp v0.0.0-20240613232115-7f521ea00fb8 h1:yixxcjnhBmY0nkL253HFVIm0JsFHwrHdT3Yh6szTnfY=
golang.org/x/exp v0.0.0-20240613232115-7f521ea00fb8/go.mod h1:jj3sYF3dwk5D+ghuXyeI3r5MFf+NT2An6/9dOA95KSI=
